// !$*UTF8*$!
{
	archiveVersion = 1;
	classes = {
	};
	objectVersion = 50;
	objects = {

/* Begin PBXBuildFile section */
		A5E1820325C249E10023C8DA /* AppDelegate.swift in Sources */ = {isa = PBXBuildFile; fileRef = A5E1820225C249E10023C8DA /* AppDelegate.swift */; };
		A5E1820525C249E10023C8DA /* SceneDelegate.swift in Sources */ = {isa = PBXBuildFile; fileRef = A5E1820425C249E10023C8DA /* SceneDelegate.swift */; };
		A5E1820C25C249E20023C8DA /* Assets.xcassets in Resources */ = {isa = PBXBuildFile; fileRef = A5E1820B25C249E20023C8DA /* Assets.xcassets */; };
		A5E1820F25C249E20023C8DA /* LaunchScreen.storyboard in Resources */ = {isa = PBXBuildFile; fileRef = A5E1820D25C249E20023C8DA /* LaunchScreen.storyboard */; };
		A5E1821E25C24B730023C8DA /* InterestModel.swift in Sources */ = {isa = PBXBuildFile; fileRef = A5E1821D25C24B730023C8DA /* InterestModel.swift */; };
		A5E1822725C2502D0023C8DA /* InterestsViewController.swift in Sources */ = {isa = PBXBuildFile; fileRef = A5E1822625C2502D0023C8DA /* InterestsViewController.swift */; };
		A5E1822D25C2517F0023C8DA /* InterestsTableViewCell.swift in Sources */ = {isa = PBXBuildFile; fileRef = A5E1822C25C2517F0023C8DA /* InterestsTableViewCell.swift */; };
		A5E1823025C2527F0023C8DA /* Coordinators.swift in Sources */ = {isa = PBXBuildFile; fileRef = A5E1822F25C2527F0023C8DA /* Coordinators.swift */; };
		A5E1823325C252930023C8DA /* InterestCoordinator.swift in Sources */ = {isa = PBXBuildFile; fileRef = A5E1823225C252930023C8DA /* InterestCoordinator.swift */; };
		A5E1823925C257AA0023C8DA /* InterestsViewController.storyboard in Resources */ = {isa = PBXBuildFile; fileRef = A5E1823825C257AA0023C8DA /* InterestsViewController.storyboard */; };
		A5E1823C25C258000023C8DA /* StoryboardInstantiable.swift in Sources */ = {isa = PBXBuildFile; fileRef = A5E1823B25C258000023C8DA /* StoryboardInstantiable.swift */; };
/* End PBXBuildFile section */

/* Begin PBXFileReference section */
		A5E181FF25C249E10023C8DA /* Interesting.app */ = {isa = PBXFileReference; explicitFileType = wrapper.application; includeInIndex = 0; path = Interesting.app; sourceTree = BUILT_PRODUCTS_DIR; };
		A5E1820225C249E10023C8DA /* AppDelegate.swift */ = {isa = PBXFileReference; lastKnownFileType = sourcecode.swift; path = AppDelegate.swift; sourceTree = "<group>"; };
		A5E1820425C249E10023C8DA /* SceneDelegate.swift */ = {isa = PBXFileReference; lastKnownFileType = sourcecode.swift; path = SceneDelegate.swift; sourceTree = "<group>"; };
		A5E1820B25C249E20023C8DA /* Assets.xcassets */ = {isa = PBXFileReference; lastKnownFileType = folder.assetcatalog; path = Assets.xcassets; sourceTree = "<group>"; };
		A5E1820E25C249E20023C8DA /* Base */ = {isa = PBXFileReference; lastKnownFileType = file.storyboard; name = Base; path = Base.lproj/LaunchScreen.storyboard; sourceTree = "<group>"; };
		A5E1821025C249E20023C8DA /* Info.plist */ = {isa = PBXFileReference; lastKnownFileType = text.plist.xml; path = Info.plist; sourceTree = "<group>"; };
		A5E1821D25C24B730023C8DA /* InterestModel.swift */ = {isa = PBXFileReference; lastKnownFileType = sourcecode.swift; path = InterestModel.swift; sourceTree = "<group>"; };
		A5E1822625C2502D0023C8DA /* InterestsViewController.swift */ = {isa = PBXFileReference; lastKnownFileType = sourcecode.swift; path = InterestsViewController.swift; sourceTree = "<group>"; };
		A5E1822C25C2517F0023C8DA /* InterestsTableViewCell.swift */ = {isa = PBXFileReference; lastKnownFileType = sourcecode.swift; path = InterestsTableViewCell.swift; sourceTree = "<group>"; };
		A5E1822F25C2527F0023C8DA /* Coordinators.swift */ = {isa = PBXFileReference; lastKnownFileType = sourcecode.swift; path = Coordinators.swift; sourceTree = "<group>"; };
		A5E1823225C252930023C8DA /* InterestCoordinator.swift */ = {isa = PBXFileReference; lastKnownFileType = sourcecode.swift; path = InterestCoordinator.swift; sourceTree = "<group>"; };
		A5E1823825C257AA0023C8DA /* InterestsViewController.storyboard */ = {isa = PBXFileReference; lastKnownFileType = file.storyboard; path = InterestsViewController.storyboard; sourceTree = "<group>"; };
		A5E1823B25C258000023C8DA /* StoryboardInstantiable.swift */ = {isa = PBXFileReference; lastKnownFileType = sourcecode.swift; path = StoryboardInstantiable.swift; sourceTree = "<group>"; };
/* End PBXFileReference section */

/* Begin PBXFrameworksBuildPhase section */
		A5E181FC25C249E10023C8DA /* Frameworks */ = {
			isa = PBXFrameworksBuildPhase;
			buildActionMask = 2147483647;
			files = (
			);
			runOnlyForDeploymentPostprocessing = 0;
		};
/* End PBXFrameworksBuildPhase section */

/* Begin PBXGroup section */
		A5E181F625C249E10023C8DA = {
			isa = PBXGroup;
			children = (
				A5E1820125C249E10023C8DA /* Interesting */,
				A5E1820025C249E10023C8DA /* Products */,
			);
			sourceTree = "<group>";
		};
		A5E1820025C249E10023C8DA /* Products */ = {
			isa = PBXGroup;
			children = (
				A5E181FF25C249E10023C8DA /* Interesting.app */,
			);
			name = Products;
			sourceTree = "<group>";
		};
		A5E1820125C249E10023C8DA /* Interesting */ = {
			isa = PBXGroup;
			children = (
				A5E1823525C252990023C8DA /* Coordinators */,
				A5E1821C25C24B4E0023C8DA /* Models */,
				A5E1821B25C24B370023C8DA /* UI */,
				A5E1821725C249F20023C8DA /* Resources */,
			);
			path = Interesting;
			sourceTree = "<group>";
		};
		A5E1821725C249F20023C8DA /* Resources */ = {
			isa = PBXGroup;
			children = (
				A5E1820B25C249E20023C8DA /* Assets.xcassets */,
				A5E1820225C249E10023C8DA /* AppDelegate.swift */,
				A5E1820425C249E10023C8DA /* SceneDelegate.swift */,
				A5E1821025C249E20023C8DA /* Info.plist */,
			);
			path = Resources;
			sourceTree = "<group>";
		};
		A5E1821B25C24B370023C8DA /* UI */ = {
			isa = PBXGroup;
			children = (
				A5E1820D25C249E20023C8DA /* LaunchScreen.storyboard */,
				A5E1822625C2502D0023C8DA /* InterestsViewController.swift */,
				A5E1822C25C2517F0023C8DA /* InterestsTableViewCell.swift */,
				A5E1823825C257AA0023C8DA /* InterestsViewController.storyboard */,
				A5E1823E25C259B00023C8DA /* Shared */,
			);
			path = UI;
			sourceTree = "<group>";
		};
		A5E1821C25C24B4E0023C8DA /* Models */ = {
			isa = PBXGroup;
			children = (
				A5E1821D25C24B730023C8DA /* InterestModel.swift */,
			);
			path = Models;
			sourceTree = "<group>";
		};
		A5E1823525C252990023C8DA /* Coordinators */ = {
			isa = PBXGroup;
			children = (
				A5E1822F25C2527F0023C8DA /* Coordinators.swift */,
				A5E1823225C252930023C8DA /* InterestCoordinator.swift */,
			);
			path = Coordinators;
			sourceTree = "<group>";
		};
		A5E1823E25C259B00023C8DA /* Shared */ = {
			isa = PBXGroup;
			children = (
				A5E1823B25C258000023C8DA /* StoryboardInstantiable.swift */,
			);
			path = Shared;
			sourceTree = "<group>";
		};
/* End PBXGroup section */

/* Begin PBXNativeTarget section */
		A5E181FE25C249E10023C8DA /* Interesting */ = {
			isa = PBXNativeTarget;
			buildConfigurationList = A5E1821325C249E20023C8DA /* Build configuration list for PBXNativeTarget "Interesting" */;
			buildPhases = (
				A5E181FB25C249E10023C8DA /* Sources */,
				A5E181FC25C249E10023C8DA /* Frameworks */,
				A5E181FD25C249E10023C8DA /* Resources */,
			);
			buildRules = (
			);
			dependencies = (
			);
			name = Interesting;
			productName = Interesting;
			productReference = A5E181FF25C249E10023C8DA /* Interesting.app */;
			productType = "com.apple.product-type.application";
		};
/* End PBXNativeTarget section */

/* Begin PBXProject section */
		A5E181F725C249E10023C8DA /* Project object */ = {
			isa = PBXProject;
			attributes = {
				LastSwiftUpdateCheck = 1230;
				LastUpgradeCheck = 1230;
				TargetAttributes = {
					A5E181FE25C249E10023C8DA = {
						CreatedOnToolsVersion = 12.3;
					};
				};
			};
			buildConfigurationList = A5E181FA25C249E10023C8DA /* Build configuration list for PBXProject "Interesting" */;
			compatibilityVersion = "Xcode 9.3";
			developmentRegion = en;
			hasScannedForEncodings = 0;
			knownRegions = (
				en,
				Base,
			);
			mainGroup = A5E181F625C249E10023C8DA;
			productRefGroup = A5E1820025C249E10023C8DA /* Products */;
			projectDirPath = "";
			projectRoot = "";
			targets = (
				A5E181FE25C249E10023C8DA /* Interesting */,
			);
		};
/* End PBXProject section */

/* Begin PBXResourcesBuildPhase section */
		A5E181FD25C249E10023C8DA /* Resources */ = {
			isa = PBXResourcesBuildPhase;
			buildActionMask = 2147483647;
			files = (
				A5E1820F25C249E20023C8DA /* LaunchScreen.storyboard in Resources */,
				A5E1823925C257AA0023C8DA /* InterestsViewController.storyboard in Resources */,
				A5E1820C25C249E20023C8DA /* Assets.xcassets in Resources */,
			);
			runOnlyForDeploymentPostprocessing = 0;
		};
/* End PBXResourcesBuildPhase section */

/* Begin PBXSourcesBuildPhase section */
		A5E181FB25C249E10023C8DA /* Sources */ = {
			isa = PBXSourcesBuildPhase;
			buildActionMask = 2147483647;
			files = (
				A5E1820325C249E10023C8DA /* AppDelegate.swift in Sources */,
				A5E1823025C2527F0023C8DA /* Coordinators.swift in Sources */,
				A5E1822725C2502D0023C8DA /* InterestsViewController.swift in Sources */,
				A5E1822D25C2517F0023C8DA /* InterestsTableViewCell.swift in Sources */,
				A5E1820525C249E10023C8DA /* SceneDelegate.swift in Sources */,
				A5E1823325C252930023C8DA /* InterestCoordinator.swift in Sources */,
				A5E1823C25C258000023C8DA /* StoryboardInstantiable.swift in Sources */,
				A5E1821E25C24B730023C8DA /* InterestModel.swift in Sources */,
			);
			runOnlyForDeploymentPostprocessing = 0;
		};
/* End PBXSourcesBuildPhase section */

/* Begin PBXVariantGroup section */
		A5E1820D25C249E20023C8DA /* LaunchScreen.storyboard */ = {
			isa = PBXVariantGroup;
			children = (
				A5E1820E25C249E20023C8DA /* Base */,
			);
			name = LaunchScreen.storyboard;
			sourceTree = "<group>";
		};
/* End PBXVariantGroup section */

/* Begin XCBuildConfiguration section */
		A5E1821125C249E20023C8DA /* Debug */ = {
			isa = XCBuildConfiguration;
			buildSettings = {
				ALWAYS_SEARCH_USER_PATHS = NO;
				CLANG_ANALYZER_NONNULL = YES;
				CLANG_ANALYZER_NUMBER_OBJECT_CONVERSION = YES_AGGRESSIVE;
				CLANG_CXX_LANGUAGE_STANDARD = "gnu++14";
				CLANG_CXX_LIBRARY = "libc++";
				CLANG_ENABLE_MODULES = YES;
				CLANG_ENABLE_OBJC_ARC = YES;
				CLANG_ENABLE_OBJC_WEAK = YES;
				CLANG_WARN_BLOCK_CAPTURE_AUTORELEASING = YES;
				CLANG_WARN_BOOL_CONVERSION = YES;
				CLANG_WARN_COMMA = YES;
				CLANG_WARN_CONSTANT_CONVERSION = YES;
				CLANG_WARN_DEPRECATED_OBJC_IMPLEMENTATIONS = YES;
				CLANG_WARN_DIRECT_OBJC_ISA_USAGE = YES_ERROR;
				CLANG_WARN_DOCUMENTATION_COMMENTS = YES;
				CLANG_WARN_EMPTY_BODY = YES;
				CLANG_WARN_ENUM_CONVERSION = YES;
				CLANG_WARN_INFINITE_RECURSION = YES;
				CLANG_WARN_INT_CONVERSION = YES;
				CLANG_WARN_NON_LITERAL_NULL_CONVERSION = YES;
				CLANG_WARN_OBJC_IMPLICIT_RETAIN_SELF = YES;
				CLANG_WARN_OBJC_LITERAL_CONVERSION = YES;
				CLANG_WARN_OBJC_ROOT_CLASS = YES_ERROR;
				CLANG_WARN_QUOTED_INCLUDE_IN_FRAMEWORK_HEADER = YES;
				CLANG_WARN_RANGE_LOOP_ANALYSIS = YES;
				CLANG_WARN_STRICT_PROTOTYPES = YES;
				CLANG_WARN_SUSPICIOUS_MOVE = YES;
				CLANG_WARN_UNGUARDED_AVAILABILITY = YES_AGGRESSIVE;
				CLANG_WARN_UNREACHABLE_CODE = YES;
				CLANG_WARN__DUPLICATE_METHOD_MATCH = YES;
				COPY_PHASE_STRIP = NO;
				DEBUG_INFORMATION_FORMAT = dwarf;
				ENABLE_STRICT_OBJC_MSGSEND = YES;
				ENABLE_TESTABILITY = YES;
				GCC_C_LANGUAGE_STANDARD = gnu11;
				GCC_DYNAMIC_NO_PIC = NO;
				GCC_NO_COMMON_BLOCKS = YES;
				GCC_OPTIMIZATION_LEVEL = 0;
				GCC_PREPROCESSOR_DEFINITIONS = (
					"DEBUG=1",
					"$(inherited)",
				);
				GCC_WARN_64_TO_32_BIT_CONVERSION = YES;
				GCC_WARN_ABOUT_RETURN_TYPE = YES_ERROR;
				GCC_WARN_UNDECLARED_SELECTOR = YES;
				GCC_WARN_UNINITIALIZED_AUTOS = YES_AGGRESSIVE;
				GCC_WARN_UNUSED_FUNCTION = YES;
				GCC_WARN_UNUSED_VARIABLE = YES;
				IPHONEOS_DEPLOYMENT_TARGET = 14.3;
				MTL_ENABLE_DEBUG_INFO = INCLUDE_SOURCE;
				MTL_FAST_MATH = YES;
				ONLY_ACTIVE_ARCH = YES;
				SDKROOT = iphoneos;
				SWIFT_ACTIVE_COMPILATION_CONDITIONS = DEBUG;
				SWIFT_OPTIMIZATION_LEVEL = "-Onone";
			};
			name = Debug;
		};
		A5E1821225C249E20023C8DA /* Release */ = {
			isa = XCBuildConfiguration;
			buildSettings = {
				ALWAYS_SEARCH_USER_PATHS = NO;
				CLANG_ANALYZER_NONNULL = YES;
				CLANG_ANALYZER_NUMBER_OBJECT_CONVERSION = YES_AGGRESSIVE;
				CLANG_CXX_LANGUAGE_STANDARD = "gnu++14";
				CLANG_CXX_LIBRARY = "libc++";
				CLANG_ENABLE_MODULES = YES;
				CLANG_ENABLE_OBJC_ARC = YES;
				CLANG_ENABLE_OBJC_WEAK = YES;
				CLANG_WARN_BLOCK_CAPTURE_AUTORELEASING = YES;
				CLANG_WARN_BOOL_CONVERSION = YES;
				CLANG_WARN_COMMA = YES;
				CLANG_WARN_CONSTANT_CONVERSION = YES;
				CLANG_WARN_DEPRECATED_OBJC_IMPLEMENTATIONS = YES;
				CLANG_WARN_DIRECT_OBJC_ISA_USAGE = YES_ERROR;
				CLANG_WARN_DOCUMENTATION_COMMENTS = YES;
				CLANG_WARN_EMPTY_BODY = YES;
				CLANG_WARN_ENUM_CONVERSION = YES;
				CLANG_WARN_INFINITE_RECURSION = YES;
				CLANG_WARN_INT_CONVERSION = YES;
				CLANG_WARN_NON_LITERAL_NULL_CONVERSION = YES;
				CLANG_WARN_OBJC_IMPLICIT_RETAIN_SELF = YES;
				CLANG_WARN_OBJC_LITERAL_CONVERSION = YES;
				CLANG_WARN_OBJC_ROOT_CLASS = YES_ERROR;
				CLANG_WARN_QUOTED_INCLUDE_IN_FRAMEWORK_HEADER = YES;
				CLANG_WARN_RANGE_LOOP_ANALYSIS = YES;
				CLANG_WARN_STRICT_PROTOTYPES = YES;
				CLANG_WARN_SUSPICIOUS_MOVE = YES;
				CLANG_WARN_UNGUARDED_AVAILABILITY = YES_AGGRESSIVE;
				CLANG_WARN_UNREACHABLE_CODE = YES;
				CLANG_WARN__DUPLICATE_METHOD_MATCH = YES;
				COPY_PHASE_STRIP = NO;
				DEBUG_INFORMATION_FORMAT = "dwarf-with-dsym";
				ENABLE_NS_ASSERTIONS = NO;
				ENABLE_STRICT_OBJC_MSGSEND = YES;
				GCC_C_LANGUAGE_STANDARD = gnu11;
				GCC_NO_COMMON_BLOCKS = YES;
				GCC_WARN_64_TO_32_BIT_CONVERSION = YES;
				GCC_WARN_ABOUT_RETURN_TYPE = YES_ERROR;
				GCC_WARN_UNDECLARED_SELECTOR = YES;
				GCC_WARN_UNINITIALIZED_AUTOS = YES_AGGRESSIVE;
				GCC_WARN_UNUSED_FUNCTION = YES;
				GCC_WARN_UNUSED_VARIABLE = YES;
				IPHONEOS_DEPLOYMENT_TARGET = 14.3;
				MTL_ENABLE_DEBUG_INFO = NO;
				MTL_FAST_MATH = YES;
				SDKROOT = iphoneos;
				SWIFT_COMPILATION_MODE = wholemodule;
				SWIFT_OPTIMIZATION_LEVEL = "-O";
				VALIDATE_PRODUCT = YES;
			};
			name = Release;
		};
		A5E1821425C249E20023C8DA /* Debug */ = {
			isa = XCBuildConfiguration;
			buildSettings = {
				ASSETCATALOG_COMPILER_APPICON_NAME = AppIcon;
				ASSETCATALOG_COMPILER_GLOBAL_ACCENT_COLOR_NAME = AccentColor;
				CODE_SIGN_IDENTITY = "Apple Development";
				CODE_SIGN_STYLE = Automatic;
				DEVELOPMENT_TEAM = 5H77479UZ4;
				INFOPLIST_FILE = Interesting/Resources/Info.plist;
				LD_RUNPATH_SEARCH_PATHS = (
					"$(inherited)",
					"@executable_path/Frameworks",
				);
				PRODUCT_BUNDLE_IDENTIFIER = com.photonlabs.Interesting;
				PRODUCT_NAME = "$(TARGET_NAME)";
				PROVISIONING_PROFILE_SPECIFIER = "";
				SWIFT_VERSION = 5.0;
				TARGETED_DEVICE_FAMILY = "1,2";
			};
			name = Debug;
		};
		A5E1821525C249E20023C8DA /* Release */ = {
			isa = XCBuildConfiguration;
			buildSettings = {
				ASSETCATALOG_COMPILER_APPICON_NAME = AppIcon;
				ASSETCATALOG_COMPILER_GLOBAL_ACCENT_COLOR_NAME = AccentColor;
				CODE_SIGN_IDENTITY = "Apple Development";
				CODE_SIGN_STYLE = Automatic;
				DEVELOPMENT_TEAM = 5H77479UZ4;
				INFOPLIST_FILE = Interesting/Resources/Info.plist;
				LD_RUNPATH_SEARCH_PATHS = (
					"$(inherited)",
					"@executable_path/Frameworks",
				);
				PRODUCT_BUNDLE_IDENTIFIER = com.photonlabs.Interesting;
				PRODUCT_NAME = "$(TARGET_NAME)";
				PROVISIONING_PROFILE_SPECIFIER = "";
				SWIFT_VERSION = 5.0;
				TARGETED_DEVICE_FAMILY = "1,2";
			};
			name = Release;
		};
/* End XCBuildConfiguration section */

/* Begin XCConfigurationList section */
		A5E181FA25C249E10023C8DA /* Build configuration list for PBXProject "Interesting" */ = {
			isa = XCConfigurationList;
			buildConfigurations = (
				A5E1821125C249E20023C8DA /* Debug */,
				A5E1821225C249E20023C8DA /* Release */,
			);
			defaultConfigurationIsVisible = 0;
			defaultConfigurationName = Release;
		};
		A5E1821325C249E20023C8DA /* Build configuration list for PBXNativeTarget "Interesting" */ = {
			isa = XCConfigurationList;
			buildConfigurations = (
				A5E1821425C249E20023C8DA /* Debug */,
				A5E1821525C249E20023C8DA /* Release */,
			);
			defaultConfigurationIsVisible = 0;
			defaultConfigurationName = Release;
		};
/* End XCConfigurationList section */
	};
	rootObject = A5E181F725C249E10023C8DA /* Project object */;
}
